Microsoft Visual Studio Solution File, Format Version 12.00
# Visual Studio Version 17
VisualStudioVersion = 17.5.2.0
MinimumVisualStudioVersion = 10.0.40219.1
Project("{FAE04EC0-301F-11D3-BF4B-00C04F79EFBC}") = "ChineseChessConsole", "ChineseChessConsole.csproj", "{6158B420-0B66-5CFA-5DF5-782769C0E01B}"
EndProject
Global
	GlobalSection(SolutionConfigurationPlatforms) = preSolution
		Debug|Any CPU = Debug|Any CPU
		Release|Any CPU = Release|Any CPU
	EndGlobalSection
	GlobalSection(ProjectConfigurationPlatforms) = postSolution
		{6158B420-0B66-5CFA-5DF5-782769C0E01B}.Debug|Any CPU.ActiveCfg = Debug|Any CPU
		{6158B420-0B66-5CFA-5DF5-782769C0E01B}.Debug|Any CPU.Build.0 = Debug|Any CPU
		{6158B420-0B66-5CFA-5DF5-782769C0E01B}.Release|Any CPU.ActiveCfg = Release|Any CPU
		{6158B420-0B66-5CFA-5DF5-782769C0E01B}.Release|Any CPU.Build.0 = Release|Any CPU
	EndGlobalSection
	GlobalSection(SolutionProperties) = preSolution
		HideSolutionNode = FALSE
	EndGlobalSection
	GlobalSection(ExtensibilityGlobals) = postSolution
		SolutionGuid = {69641480-37F9-4171-8896-91889E682469}
	EndGlobalSection
EndGlobal
